
Microsoft Visual Studio Solution File, Format Version 12.00
# Visual Studio Version 17
VisualStudioVersion = 17.9.34723.18
MinimumVisualStudioVersion = 10.0.40219.1
Project("{FAE04EC0-301F-11D3-BF4B-00C04F79EFBC}") = "Orders.Backend", "Orders.Backend\Orders.Backend.csproj", "{F1E1694E-9C31-4482-9E81-5012BC1FBF40}"
EndProject
Project("{FAE04EC0-301F-11D3-BF4B-00C04F79EFBC}") = "Orders.Frontend", "Orders.Frontend\Orders.Frontend.csproj", "{55E229B3-64A2-4880-96BE-CD9B29D3A610}"
EndProject
Project("{FAE04EC0-301F-11D3-BF4B-00C04F79EFBC}") = "Orders.Shared", "Orders.Shared\Orders.Shared.csproj", "{7DC4A9A7-B87A-4D66-859A-9529DF4A0B5E}"
EndProject
Project("{FAE04EC0-301F-11D3-BF4B-00C04F79EFBC}") = "Orders.Tests", "Orders.Tests\Orders.Tests.csproj", "{979D83B4-CE77-4546-9477-8A4EE97EFD54}"
EndProject
Global
	GlobalSection(SolutionConfigurationPlatforms) = preSolution
		Debug|Any CPU = Debug|Any CPU
		Release|Any CPU = Release|Any CPU
	EndGlobalSection
	GlobalSection(ProjectConfigurationPlatforms) = postSolution
		{F1E1694E-9C31-4482-9E81-5012BC1FBF40}.Debug|Any CPU.ActiveCfg = Debug|Any CPU
		{F1E1694E-9C31-4482-9E81-5012BC1FBF40}.Debug|Any CPU.Build.0 = Debug|Any CPU
		{F1E1694E-9C31-4482-9E81-5012BC1FBF40}.Release|Any CPU.ActiveCfg = Release|Any CPU
		{F1E1694E-9C31-4482-9E81-5012BC1FBF40}.Release|Any CPU.Build.0 = Release|Any CPU
		{55E229B3-64A2-4880-96BE-CD9B29D3A610}.Debug|Any CPU.ActiveCfg = Debug|Any CPU
		{55E229B3-64A2-4880-96BE-CD9B29D3A610}.Debug|Any CPU.Build.0 = Debug|Any CPU
		{55E229B3-64A2-4880-96BE-CD9B29D3A610}.Release|Any CPU.ActiveCfg = Release|Any CPU
		{55E229B3-64A2-4880-96BE-CD9B29D3A610}.Release|Any CPU.Build.0 = Release|Any CPU
		{7DC4A9A7-B87A-4D66-859A-9529DF4A0B5E}.Debug|Any CPU.ActiveCfg = Debug|Any CPU
		{7DC4A9A7-B87A-4D66-859A-9529DF4A0B5E}.Debug|Any CPU.Build.0 = Debug|Any CPU
		{7DC4A9A7-B87A-4D66-859A-9529DF4A0B5E}.Release|Any CPU.ActiveCfg = Release|Any CPU
		{7DC4A9A7-B87A-4D66-859A-9529DF4A0B5E}.Release|Any CPU.Build.0 = Release|Any CPU
		{979D83B4-CE77-4546-9477-8A4EE97EFD54}.Debug|Any CPU.ActiveCfg = Debug|Any CPU
		{979D83B4-CE77-4546-9477-8A4EE97EFD54}.Debug|Any CPU.Build.0 = Debug|Any CPU
		{979D83B4-CE77-4546-9477-8A4EE97EFD54}.Release|Any CPU.ActiveCfg = Release|Any CPU
		{979D83B4-CE77-4546-9477-8A4EE97EFD54}.Release|Any CPU.Build.0 = Release|Any CPU
	EndGlobalSection
	GlobalSection(SolutionProperties) = preSolution
		HideSolutionNode = FALSE
	EndGlobalSection
	GlobalSection(ExtensibilityGlobals) = postSolution
		SolutionGuid = {38B1B62F-8974-4995-B23F-50467B385DFD}
	EndGlobalSection
EndGlobal
